
Microsoft Visual Studio Solution File, Format Version 12.00
# Visual Studio Version 16
VisualStudioVersion = 16.0.31515.178
MinimumVisualStudioVersion = 10.0.40219.1
Project("{FAE04EC0-301F-11D3-BF4B-00C04F79EFBC}") = "Dtat.Results", "Dtat.Results\Dtat.Results.csproj", "{B2614554-22EF-4542-83E2-C6292F763B23}"
EndProject
Global
	GlobalSection(SolutionConfigurationPlatforms) = preSolution
		Debug|Any CPU = Debug|Any CPU
		Release|Any CPU = Release|Any CPU
	EndGlobalSection
	GlobalSection(ProjectConfigurationPlatforms) = postSolution
		{B2614554-22EF-4542-83E2-C6292F763B23}.Debug|Any CPU.ActiveCfg = Debug|Any CPU
		{B2614554-22EF-4542-83E2-C6292F763B23}.Debug|Any CPU.Build.0 = Debug|Any CPU
		{B2614554-22EF-4542-83E2-C6292F763B23}.Release|Any CPU.ActiveCfg = Release|Any CPU
		{B2614554-22EF-4542-83E2-C6292F763B23}.Release|Any CPU.Build.0 = Release|Any CPU
	EndGlobalSection
	GlobalSection(SolutionProperties) = preSolution
		HideSolutionNode = FALSE
	EndGlobalSection
	GlobalSection(ExtensibilityGlobals) = postSolution
		SolutionGuid = {0C9AA9DC-F579-47E2-A1F2-4F7EF6B674A7}
	EndGlobalSection
EndGlobal
